
Microsoft Visual Studio Solution File, Format Version 12.00
# Visual Studio Version 16
VisualStudioVersion = 25.0.1700.2
MinimumVisualStudioVersion = 10.0.40219.1
Project("{FAE04EC0-301F-11D3-BF4B-00C04F79EFBC}") = "DNASTRAND", "DNASTRAND\DNASTRAND.csproj", "{088ECE72-4195-4B28-AAD1-4E35ED7FFE78}"
EndProject
Global
	GlobalSection(SolutionConfigurationPlatforms) = preSolution
		Debug|Any CPU = Debug|Any CPU
		Release|Any CPU = Release|Any CPU
	EndGlobalSection
	GlobalSection(ProjectConfigurationPlatforms) = postSolution
		{088ECE72-4195-4B28-AAD1-4E35ED7FFE78}.Debug|Any CPU.ActiveCfg = Debug|Any CPU
		{088ECE72-4195-4B28-AAD1-4E35ED7FFE78}.Debug|Any CPU.Build.0 = Debug|Any CPU
		{088ECE72-4195-4B28-AAD1-4E35ED7FFE78}.Release|Any CPU.ActiveCfg = Release|Any CPU
		{088ECE72-4195-4B28-AAD1-4E35ED7FFE78}.Release|Any CPU.Build.0 = Release|Any CPU
	EndGlobalSection
	GlobalSection(SolutionProperties) = preSolution
		HideSolutionNode = FALSE
	EndGlobalSection
	GlobalSection(ExtensibilityGlobals) = postSolution
		SolutionGuid = {FE809B9B-3BAC-45B8-8405-0223C7C78085}
	EndGlobalSection
EndGlobal
